
Microsoft Visual Studio Solution File, Format Version 12.00
# Visual Studio Version 17
VisualStudioVersion = 17.5.002.0
MinimumVisualStudioVersion = 10.0.40219.1
Project("{2150E333-8FDC-42A3-9474-1A3956D46DE8}") = "src", "src", "{6ED9D496-33B2-410D-BCC9-5BC70933F4BC}"
EndProject
Project("{FAE04EC0-301F-11D3-BF4B-00C04F79EFBC}") = "Chirp.Razor", "src\Chirp.Razor\Chirp.Razor.csproj", "{735E64A6-D669-4F1B-9094-4A4B73ADA9DB}"
EndProject
Project("{2150E333-8FDC-42A3-9474-1A3956D46DE8}") = "test", "test", "{0ECB4F0F-F4B9-4B91-8420-CFC092C3D4C4}"
EndProject
Project("{FAE04EC0-301F-11D3-BF4B-00C04F79EFBC}") = "Chirp.Razor.Test", "test\Chirp.Razor.Test\Chirp.Razor.Test.csproj", "{5A94DBC9-A1EB-4876-BB12-7684BE5E6CCD}"
EndProject
Project("{FAE04EC0-301F-11D3-BF4B-00C04F79EFBC}") = "Chirp.Repo.Library", "src\Chirp.Repo.Library\Chirp.Repo.Library.csproj", "{15E75EBC-9F2B-4831-AFD1-49EF41409F6D}"
EndProject
Project("{FAE04EC0-301F-11D3-BF4B-00C04F79EFBC}") = "Chirp.Objects", "src\Chirp.Objects\Chirp.Objects.csproj", "{F5DBAB45-E62D-4931-B723-04EFE5BFB152}"
EndProject
Global
	GlobalSection(SolutionConfigurationPlatforms) = preSolution
		Debug|Any CPU = Debug|Any CPU
		Debug|x64 = Debug|x64
		Debug|x86 = Debug|x86
		Release|Any CPU = Release|Any CPU
		Release|x64 = Release|x64
		Release|x86 = Release|x86
	EndGlobalSection
	GlobalSection(ProjectConfigurationPlatforms) = postSolution
		{735E64A6-D669-4F1B-9094-4A4B73ADA9DB}.Debug|Any CPU.ActiveCfg = Debug|Any CPU
		{735E64A6-D669-4F1B-9094-4A4B73ADA9DB}.Debug|Any CPU.Build.0 = Debug|Any CPU
		{735E64A6-D669-4F1B-9094-4A4B73ADA9DB}.Debug|x64.ActiveCfg = Debug|Any CPU
		{735E64A6-D669-4F1B-9094-4A4B73ADA9DB}.Debug|x64.Build.0 = Debug|Any CPU
		{735E64A6-D669-4F1B-9094-4A4B73ADA9DB}.Debug|x86.ActiveCfg = Debug|Any CPU
		{735E64A6-D669-4F1B-9094-4A4B73ADA9DB}.Debug|x86.Build.0 = Debug|Any CPU
		{735E64A6-D669-4F1B-9094-4A4B73ADA9DB}.Release|Any CPU.ActiveCfg = Release|Any CPU
		{735E64A6-D669-4F1B-9094-4A4B73ADA9DB}.Release|Any CPU.Build.0 = Release|Any CPU
		{735E64A6-D669-4F1B-9094-4A4B73ADA9DB}.Release|x64.ActiveCfg = Release|Any CPU
		{735E64A6-D669-4F1B-9094-4A4B73ADA9DB}.Release|x64.Build.0 = Release|Any CPU
		{735E64A6-D669-4F1B-9094-4A4B73ADA9DB}.Release|x86.ActiveCfg = Release|Any CPU
		{735E64A6-D669-4F1B-9094-4A4B73ADA9DB}.Release|x86.Build.0 = Release|Any CPU
		{5A94DBC9-A1EB-4876-BB12-7684BE5E6CCD}.Debug|Any CPU.ActiveCfg = Debug|Any CPU
		{5A94DBC9-A1EB-4876-BB12-7684BE5E6CCD}.Debug|Any CPU.Build.0 = Debug|Any CPU
		{5A94DBC9-A1EB-4876-BB12-7684BE5E6CCD}.Debug|x64.ActiveCfg = Debug|Any CPU
		{5A94DBC9-A1EB-4876-BB12-7684BE5E6CCD}.Debug|x64.Build.0 = Debug|Any CPU
		{5A94DBC9-A1EB-4876-BB12-7684BE5E6CCD}.Debug|x86.ActiveCfg = Debug|Any CPU
		{5A94DBC9-A1EB-4876-BB12-7684BE5E6CCD}.Debug|x86.Build.0 = Debug|Any CPU
		{5A94DBC9-A1EB-4876-BB12-7684BE5E6CCD}.Release|Any CPU.ActiveCfg = Release|Any CPU
		{5A94DBC9-A1EB-4876-BB12-7684BE5E6CCD}.Release|Any CPU.Build.0 = Release|Any CPU
		{5A94DBC9-A1EB-4876-BB12-7684BE5E6CCD}.Release|x64.ActiveCfg = Release|Any CPU
		{5A94DBC9-A1EB-4876-BB12-7684BE5E6CCD}.Release|x64.Build.0 = Release|Any CPU
		{5A94DBC9-A1EB-4876-BB12-7684BE5E6CCD}.Release|x86.ActiveCfg = Release|Any CPU
		{5A94DBC9-A1EB-4876-BB12-7684BE5E6CCD}.Release|x86.Build.0 = Release|Any CPU
		{15E75EBC-9F2B-4831-AFD1-49EF41409F6D}.Debug|Any CPU.ActiveCfg = Debug|Any CPU
		{15E75EBC-9F2B-4831-AFD1-49EF41409F6D}.Debug|Any CPU.Build.0 = Debug|Any CPU
		{15E75EBC-9F2B-4831-AFD1-49EF41409F6D}.Debug|x64.ActiveCfg = Debug|Any CPU
		{15E75EBC-9F2B-4831-AFD1-49EF41409F6D}.Debug|x64.Build.0 = Debug|Any CPU
		{15E75EBC-9F2B-4831-AFD1-49EF41409F6D}.Debug|x86.ActiveCfg = Debug|Any CPU
		{15E75EBC-9F2B-4831-AFD1-49EF41409F6D}.Debug|x86.Build.0 = Debug|Any CPU
		{15E75EBC-9F2B-4831-AFD1-49EF41409F6D}.Release|Any CPU.ActiveCfg = Release|Any CPU
		{15E75EBC-9F2B-4831-AFD1-49EF41409F6D}.Release|Any CPU.Build.0 = Release|Any CPU
		{15E75EBC-9F2B-4831-AFD1-49EF41409F6D}.Release|x64.ActiveCfg = Release|Any CPU
		{15E75EBC-9F2B-4831-AFD1-49EF41409F6D}.Release|x64.Build.0 = Release|Any CPU
		{15E75EBC-9F2B-4831-AFD1-49EF41409F6D}.Release|x86.ActiveCfg = Release|Any CPU
		{15E75EBC-9F2B-4831-AFD1-49EF41409F6D}.Release|x86.Build.0 = Release|Any CPU
		{F5DBAB45-E62D-4931-B723-04EFE5BFB152}.Debug|Any CPU.ActiveCfg = Debug|Any CPU
		{F5DBAB45-E62D-4931-B723-04EFE5BFB152}.Debug|Any CPU.Build.0 = Debug|Any CPU
		{F5DBAB45-E62D-4931-B723-04EFE5BFB152}.Debug|x64.ActiveCfg = Debug|Any CPU
		{F5DBAB45-E62D-4931-B723-04EFE5BFB152}.Debug|x64.Build.0 = Debug|Any CPU
		{F5DBAB45-E62D-4931-B723-04EFE5BFB152}.Debug|x86.ActiveCfg = Debug|Any CPU
		{F5DBAB45-E62D-4931-B723-04EFE5BFB152}.Debug|x86.Build.0 = Debug|Any CPU
		{F5DBAB45-E62D-4931-B723-04EFE5BFB152}.Release|Any CPU.ActiveCfg = Release|Any CPU
		{F5DBAB45-E62D-4931-B723-04EFE5BFB152}.Release|Any CPU.Build.0 = Release|Any CPU
		{F5DBAB45-E62D-4931-B723-04EFE5BFB152}.Release|x64.ActiveCfg = Release|Any CPU
		{F5DBAB45-E62D-4931-B723-04EFE5BFB152}.Release|x64.Build.0 = Release|Any CPU
		{F5DBAB45-E62D-4931-B723-04EFE5BFB152}.Release|x86.ActiveCfg = Release|Any CPU
		{F5DBAB45-E62D-4931-B723-04EFE5BFB152}.Release|x86.Build.0 = Release|Any CPU
	EndGlobalSection
	GlobalSection(SolutionProperties) = preSolution
		HideSolutionNode = FALSE
	EndGlobalSection
	GlobalSection(NestedProjects) = preSolution
		{735E64A6-D669-4F1B-9094-4A4B73ADA9DB} = {6ED9D496-33B2-410D-BCC9-5BC70933F4BC}
		{5A94DBC9-A1EB-4876-BB12-7684BE5E6CCD} = {0ECB4F0F-F4B9-4B91-8420-CFC092C3D4C4}
		{15E75EBC-9F2B-4831-AFD1-49EF41409F6D} = {6ED9D496-33B2-410D-BCC9-5BC70933F4BC}
		{F5DBAB45-E62D-4931-B723-04EFE5BFB152} = {6ED9D496-33B2-410D-BCC9-5BC70933F4BC}
	EndGlobalSection
	GlobalSection(ExtensibilityGlobals) = postSolution
		SolutionGuid = {6353F4A1-6F94-471B-8642-05FB81B13BE7}
	EndGlobalSection
EndGlobal
