
Microsoft Visual Studio Solution File, Format Version 12.00
# Visual Studio Version 17
VisualStudioVersion = 17.5.002.0
MinimumVisualStudioVersion = 10.0.40219.1
Project("{2150E333-8FDC-42A3-9474-1A3956D46DE8}") = "src", "src", "{752F5BD7-5841-4603-936A-9A673A1BD1D1}"
EndProject
Project("{FAE04EC0-301F-11D3-BF4B-00C04F79EFBC}") = "Chirp.CLI", "src\Chirp.CLI.Client\Chirp.CLI.csproj", "{1757D80A-0540-47C3-B0E3-F7FEB1DF03F9}"
EndProject
Project("{FAE04EC0-301F-11D3-BF4B-00C04F79EFBC}") = "DBTest_integration", "test\DBTest_integration\DBTest_integration.csproj", "{83465B61-DA24-4E23-A58A-650E3D993DBE}"
EndProject
Project("{2150E333-8FDC-42A3-9474-1A3956D46DE8}") = "test", "test", "{6C3DDEF5-F4CD-4F1F-B8B1-0345F137FF95}"
EndProject
Project("{FAE04EC0-301F-11D3-BF4B-00C04F79EFBC}") = "test", "test\unitTest\test.csproj", "{D3494A10-BFAF-46E7-B746-024E6CAA3261}"
EndProject
Project("{FAE04EC0-301F-11D3-BF4B-00C04F79EFBC}") = "SimpleDB", "src\SimpleDB\SimpleDB.csproj", "{877F8A1C-7386-4C0B-B204-A827D764D808}"
EndProject
Global
	GlobalSection(SolutionConfigurationPlatforms) = preSolution
		Debug|Any CPU = Debug|Any CPU
		Debug|x64 = Debug|x64
		Debug|x86 = Debug|x86
		Release|Any CPU = Release|Any CPU
		Release|x64 = Release|x64
		Release|x86 = Release|x86
	EndGlobalSection
	GlobalSection(ProjectConfigurationPlatforms) = postSolution
		{1757D80A-0540-47C3-B0E3-F7FEB1DF03F9}.Debug|Any CPU.ActiveCfg = Debug|Any CPU
		{1757D80A-0540-47C3-B0E3-F7FEB1DF03F9}.Debug|Any CPU.Build.0 = Debug|Any CPU
		{1757D80A-0540-47C3-B0E3-F7FEB1DF03F9}.Debug|x64.ActiveCfg = Debug|Any CPU
		{1757D80A-0540-47C3-B0E3-F7FEB1DF03F9}.Debug|x64.Build.0 = Debug|Any CPU
		{1757D80A-0540-47C3-B0E3-F7FEB1DF03F9}.Debug|x86.ActiveCfg = Debug|Any CPU
		{1757D80A-0540-47C3-B0E3-F7FEB1DF03F9}.Debug|x86.Build.0 = Debug|Any CPU
		{1757D80A-0540-47C3-B0E3-F7FEB1DF03F9}.Release|Any CPU.ActiveCfg = Release|Any CPU
		{1757D80A-0540-47C3-B0E3-F7FEB1DF03F9}.Release|Any CPU.Build.0 = Release|Any CPU
		{1757D80A-0540-47C3-B0E3-F7FEB1DF03F9}.Release|x64.ActiveCfg = Release|Any CPU
		{1757D80A-0540-47C3-B0E3-F7FEB1DF03F9}.Release|x64.Build.0 = Release|Any CPU
		{1757D80A-0540-47C3-B0E3-F7FEB1DF03F9}.Release|x86.ActiveCfg = Release|Any CPU
		{1757D80A-0540-47C3-B0E3-F7FEB1DF03F9}.Release|x86.Build.0 = Release|Any CPU
		{83465B61-DA24-4E23-A58A-650E3D993DBE}.Debug|Any CPU.ActiveCfg = Debug|Any CPU
		{83465B61-DA24-4E23-A58A-650E3D993DBE}.Debug|Any CPU.Build.0 = Debug|Any CPU
		{83465B61-DA24-4E23-A58A-650E3D993DBE}.Debug|x64.ActiveCfg = Debug|Any CPU
		{83465B61-DA24-4E23-A58A-650E3D993DBE}.Debug|x64.Build.0 = Debug|Any CPU
		{83465B61-DA24-4E23-A58A-650E3D993DBE}.Debug|x86.ActiveCfg = Debug|Any CPU
		{83465B61-DA24-4E23-A58A-650E3D993DBE}.Debug|x86.Build.0 = Debug|Any CPU
		{83465B61-DA24-4E23-A58A-650E3D993DBE}.Release|Any CPU.ActiveCfg = Release|Any CPU
		{83465B61-DA24-4E23-A58A-650E3D993DBE}.Release|Any CPU.Build.0 = Release|Any CPU
		{83465B61-DA24-4E23-A58A-650E3D993DBE}.Release|x64.ActiveCfg = Release|Any CPU
		{83465B61-DA24-4E23-A58A-650E3D993DBE}.Release|x64.Build.0 = Release|Any CPU
		{83465B61-DA24-4E23-A58A-650E3D993DBE}.Release|x86.ActiveCfg = Release|Any CPU
		{83465B61-DA24-4E23-A58A-650E3D993DBE}.Release|x86.Build.0 = Release|Any CPU
		{D3494A10-BFAF-46E7-B746-024E6CAA3261}.Debug|Any CPU.ActiveCfg = Debug|Any CPU
		{D3494A10-BFAF-46E7-B746-024E6CAA3261}.Debug|Any CPU.Build.0 = Debug|Any CPU
		{D3494A10-BFAF-46E7-B746-024E6CAA3261}.Debug|x64.ActiveCfg = Debug|Any CPU
		{D3494A10-BFAF-46E7-B746-024E6CAA3261}.Debug|x64.Build.0 = Debug|Any CPU
		{D3494A10-BFAF-46E7-B746-024E6CAA3261}.Debug|x86.ActiveCfg = Debug|Any CPU
		{D3494A10-BFAF-46E7-B746-024E6CAA3261}.Debug|x86.Build.0 = Debug|Any CPU
		{D3494A10-BFAF-46E7-B746-024E6CAA3261}.Release|Any CPU.ActiveCfg = Release|Any CPU
		{D3494A10-BFAF-46E7-B746-024E6CAA3261}.Release|Any CPU.Build.0 = Release|Any CPU
		{D3494A10-BFAF-46E7-B746-024E6CAA3261}.Release|x64.ActiveCfg = Release|Any CPU
		{D3494A10-BFAF-46E7-B746-024E6CAA3261}.Release|x64.Build.0 = Release|Any CPU
		{D3494A10-BFAF-46E7-B746-024E6CAA3261}.Release|x86.ActiveCfg = Release|Any CPU
		{D3494A10-BFAF-46E7-B746-024E6CAA3261}.Release|x86.Build.0 = Release|Any CPU
		{877F8A1C-7386-4C0B-B204-A827D764D808}.Debug|Any CPU.ActiveCfg = Debug|Any CPU
		{877F8A1C-7386-4C0B-B204-A827D764D808}.Debug|Any CPU.Build.0 = Debug|Any CPU
		{877F8A1C-7386-4C0B-B204-A827D764D808}.Debug|x64.ActiveCfg = Debug|Any CPU
		{877F8A1C-7386-4C0B-B204-A827D764D808}.Debug|x64.Build.0 = Debug|Any CPU
		{877F8A1C-7386-4C0B-B204-A827D764D808}.Debug|x86.ActiveCfg = Debug|Any CPU
		{877F8A1C-7386-4C0B-B204-A827D764D808}.Debug|x86.Build.0 = Debug|Any CPU
		{877F8A1C-7386-4C0B-B204-A827D764D808}.Release|Any CPU.ActiveCfg = Release|Any CPU
		{877F8A1C-7386-4C0B-B204-A827D764D808}.Release|Any CPU.Build.0 = Release|Any CPU
		{877F8A1C-7386-4C0B-B204-A827D764D808}.Release|x64.ActiveCfg = Release|Any CPU
		{877F8A1C-7386-4C0B-B204-A827D764D808}.Release|x64.Build.0 = Release|Any CPU
		{877F8A1C-7386-4C0B-B204-A827D764D808}.Release|x86.ActiveCfg = Release|Any CPU
		{877F8A1C-7386-4C0B-B204-A827D764D808}.Release|x86.Build.0 = Release|Any CPU
	EndGlobalSection
	GlobalSection(SolutionProperties) = preSolution
		HideSolutionNode = FALSE
	EndGlobalSection
	GlobalSection(ExtensibilityGlobals) = postSolution
		SolutionGuid = {6353F4A1-6F94-471B-8642-05FB81B13BE7}
	EndGlobalSection
	GlobalSection(NestedProjects) = preSolution
		{1757D80A-0540-47C3-B0E3-F7FEB1DF03F9} = {752F5BD7-5841-4603-936A-9A673A1BD1D1}
		{83465B61-DA24-4E23-A58A-650E3D993DBE} = {752F5BD7-5841-4603-936A-9A673A1BD1D1}
		{D3494A10-BFAF-46E7-B746-024E6CAA3261} = {6C3DDEF5-F4CD-4F1F-B8B1-0345F137FF95}
		{877F8A1C-7386-4C0B-B204-A827D764D808} = {752F5BD7-5841-4603-936A-9A673A1BD1D1}
	EndGlobalSection
EndGlobal
