
Microsoft Visual Studio Solution File, Format Version 12.00
# Visual Studio Version 17
VisualStudioVersion = 17.5.002.0
MinimumVisualStudioVersion = 10.0.40219.1
Project("{2150E333-8FDC-42A3-9474-1A3956D46DE8}") = "test", "test", "{2D552851-2280-40EE-9ADF-E07899A93FCB}"
EndProject
Project("{FAE04EC0-301F-11D3-BF4B-00C04F79EFBC}") = "UnitTest", "test\Unit.Test\UnitTest.csproj", "{A249119D-2E8D-4C40-9A4C-6419FFFB7D8A}"
EndProject
Project("{2150E333-8FDC-42A3-9474-1A3956D46DE8}") = "src", "src", "{6ED9D496-33B2-410D-BCC9-5BC70933F4BC}"
EndProject
Project("{FAE04EC0-301F-11D3-BF4B-00C04F79EFBC}") = "Chirp.Razor", "src\Chirp.Razor\Chirp.Razor.csproj", "{735E64A6-D669-4F1B-9094-4A4B73ADA9DB}"
EndProject
Project("{FAE04EC0-301F-11D3-BF4B-00C04F79EFBC}") = "IntegrationTest", "test\IntegrationTest\IntegrationTest.csproj", "{8DE94BBF-86E4-4E67-85EC-0A52238F7B89}"
EndProject
Global
	GlobalSection(SolutionConfigurationPlatforms) = preSolution
		Debug|Any CPU = Debug|Any CPU
		Debug|x64 = Debug|x64
		Debug|x86 = Debug|x86
		Release|Any CPU = Release|Any CPU
		Release|x64 = Release|x64
		Release|x86 = Release|x86
	EndGlobalSection
	GlobalSection(ProjectConfigurationPlatforms) = postSolution
		{A249119D-2E8D-4C40-9A4C-6419FFFB7D8A}.Debug|Any CPU.ActiveCfg = Debug|Any CPU
		{A249119D-2E8D-4C40-9A4C-6419FFFB7D8A}.Debug|Any CPU.Build.0 = Debug|Any CPU
		{A249119D-2E8D-4C40-9A4C-6419FFFB7D8A}.Debug|x64.ActiveCfg = Debug|Any CPU
		{A249119D-2E8D-4C40-9A4C-6419FFFB7D8A}.Debug|x64.Build.0 = Debug|Any CPU
		{A249119D-2E8D-4C40-9A4C-6419FFFB7D8A}.Debug|x86.ActiveCfg = Debug|Any CPU
		{A249119D-2E8D-4C40-9A4C-6419FFFB7D8A}.Debug|x86.Build.0 = Debug|Any CPU
		{A249119D-2E8D-4C40-9A4C-6419FFFB7D8A}.Release|Any CPU.ActiveCfg = Release|Any CPU
		{A249119D-2E8D-4C40-9A4C-6419FFFB7D8A}.Release|Any CPU.Build.0 = Release|Any CPU
		{A249119D-2E8D-4C40-9A4C-6419FFFB7D8A}.Release|x64.ActiveCfg = Release|Any CPU
		{A249119D-2E8D-4C40-9A4C-6419FFFB7D8A}.Release|x64.Build.0 = Release|Any CPU
		{A249119D-2E8D-4C40-9A4C-6419FFFB7D8A}.Release|x86.ActiveCfg = Release|Any CPU
		{A249119D-2E8D-4C40-9A4C-6419FFFB7D8A}.Release|x86.Build.0 = Release|Any CPU
		{735E64A6-D669-4F1B-9094-4A4B73ADA9DB}.Debug|Any CPU.ActiveCfg = Debug|Any CPU
		{735E64A6-D669-4F1B-9094-4A4B73ADA9DB}.Debug|Any CPU.Build.0 = Debug|Any CPU
		{735E64A6-D669-4F1B-9094-4A4B73ADA9DB}.Debug|x64.ActiveCfg = Debug|Any CPU
		{735E64A6-D669-4F1B-9094-4A4B73ADA9DB}.Debug|x64.Build.0 = Debug|Any CPU
		{735E64A6-D669-4F1B-9094-4A4B73ADA9DB}.Debug|x86.ActiveCfg = Debug|Any CPU
		{735E64A6-D669-4F1B-9094-4A4B73ADA9DB}.Debug|x86.Build.0 = Debug|Any CPU
		{735E64A6-D669-4F1B-9094-4A4B73ADA9DB}.Release|Any CPU.ActiveCfg = Release|Any CPU
		{735E64A6-D669-4F1B-9094-4A4B73ADA9DB}.Release|Any CPU.Build.0 = Release|Any CPU
		{735E64A6-D669-4F1B-9094-4A4B73ADA9DB}.Release|x64.ActiveCfg = Release|Any CPU
		{735E64A6-D669-4F1B-9094-4A4B73ADA9DB}.Release|x64.Build.0 = Release|Any CPU
		{735E64A6-D669-4F1B-9094-4A4B73ADA9DB}.Release|x86.ActiveCfg = Release|Any CPU
		{735E64A6-D669-4F1B-9094-4A4B73ADA9DB}.Release|x86.Build.0 = Release|Any CPU
		{8DE94BBF-86E4-4E67-85EC-0A52238F7B89}.Debug|Any CPU.ActiveCfg = Debug|Any CPU
		{8DE94BBF-86E4-4E67-85EC-0A52238F7B89}.Debug|Any CPU.Build.0 = Debug|Any CPU
		{8DE94BBF-86E4-4E67-85EC-0A52238F7B89}.Debug|x64.ActiveCfg = Debug|Any CPU
		{8DE94BBF-86E4-4E67-85EC-0A52238F7B89}.Debug|x64.Build.0 = Debug|Any CPU
		{8DE94BBF-86E4-4E67-85EC-0A52238F7B89}.Debug|x86.ActiveCfg = Debug|Any CPU
		{8DE94BBF-86E4-4E67-85EC-0A52238F7B89}.Debug|x86.Build.0 = Debug|Any CPU
		{8DE94BBF-86E4-4E67-85EC-0A52238F7B89}.Release|Any CPU.ActiveCfg = Release|Any CPU
		{8DE94BBF-86E4-4E67-85EC-0A52238F7B89}.Release|Any CPU.Build.0 = Release|Any CPU
		{8DE94BBF-86E4-4E67-85EC-0A52238F7B89}.Release|x64.ActiveCfg = Release|Any CPU
		{8DE94BBF-86E4-4E67-85EC-0A52238F7B89}.Release|x64.Build.0 = Release|Any CPU
		{8DE94BBF-86E4-4E67-85EC-0A52238F7B89}.Release|x86.ActiveCfg = Release|Any CPU
		{8DE94BBF-86E4-4E67-85EC-0A52238F7B89}.Release|x86.Build.0 = Release|Any CPU
	EndGlobalSection
	GlobalSection(SolutionProperties) = preSolution
		HideSolutionNode = FALSE
	EndGlobalSection
	GlobalSection(ExtensibilityGlobals) = postSolution
		SolutionGuid = {6353F4A1-6F94-471B-8642-05FB81B13BE7}
	EndGlobalSection
	GlobalSection(NestedProjects) = preSolution
		{A249119D-2E8D-4C40-9A4C-6419FFFB7D8A} = {2D552851-2280-40EE-9ADF-E07899A93FCB}
		{735E64A6-D669-4F1B-9094-4A4B73ADA9DB} = {6ED9D496-33B2-410D-BCC9-5BC70933F4BC}
		{8DE94BBF-86E4-4E67-85EC-0A52238F7B89} = {2D552851-2280-40EE-9ADF-E07899A93FCB}
	EndGlobalSection
EndGlobal
